
Microsoft Visual Studio Solution File, Format Version 12.00
# Visual Studio Version 17
VisualStudioVersion = 17.10.35004.147
MinimumVisualStudioVersion = 10.0.40219.1
Project("{FAE04EC0-301F-11D3-BF4B-00C04F79EFBC}") = "BlazorWebAssembly", "BlazorWebAssembly\BlazorWebAssembly.csproj", "{66D51FB6-C8A9-4FC4-9164-73751E0DB6A5}"
EndProject
Global
	GlobalSection(SolutionConfigurationPlatforms) = preSolution
		Debug|Any CPU = Debug|Any CPU
		Release|Any CPU = Release|Any CPU
	EndGlobalSection
	GlobalSection(ProjectConfigurationPlatforms) = postSolution
		{66D51FB6-C8A9-4FC4-9164-73751E0DB6A5}.Debug|Any CPU.ActiveCfg = Debug|Any CPU
		{66D51FB6-C8A9-4FC4-9164-73751E0DB6A5}.Debug|Any CPU.Build.0 = Debug|Any CPU
		{66D51FB6-C8A9-4FC4-9164-73751E0DB6A5}.Release|Any CPU.ActiveCfg = Release|Any CPU
		{66D51FB6-C8A9-4FC4-9164-73751E0DB6A5}.Release|Any CPU.Build.0 = Release|Any CPU
	EndGlobalSection
	GlobalSection(SolutionProperties) = preSolution
		HideSolutionNode = FALSE
	EndGlobalSection
	GlobalSection(ExtensibilityGlobals) = postSolution
		SolutionGuid = {137AA165-03E8-4528-B1D2-58FBF47CA87B}
	EndGlobalSection
EndGlobal
